
Microsoft Visual Studio Solution File, Format Version 12.00
# Visual Studio Version 17
VisualStudioVersion = 17.14.36310.24
MinimumVisualStudioVersion = 10.0.40219.1
Project("{FAE04EC0-301F-11D3-BF4B-00C04F79EFBC}") = "DataAccess", "DataAccess\DataAccess.csproj", "{9FA22A19-EDA3-4262-803F-9B5E46FB24B9}"
EndProject
Project("{FAE04EC0-301F-11D3-BF4B-00C04F79EFBC}") = "Business", "Business\Business.csproj", "{0D8183FA-F1E5-40E6-A619-94F4B4FE62F8}"
EndProject
Project("{FAE04EC0-301F-11D3-BF4B-00C04F79EFBC}") = "Entities", "Entities\Entities.csproj", "{C96D0647-2CAC-47A2-AB28-0D93429D88B9}"
EndProject
Project("{FAE04EC0-301F-11D3-BF4B-00C04F79EFBC}") = "ConsoleUI", "ConsoleUI\ConsoleUI.csproj", "{57137BFC-69DD-4BA3-B70A-11484A06D708}"
EndProject
Project("{FAE04EC0-301F-11D3-BF4B-00C04F79EFBC}") = "Core", "Core\Core.csproj", "{91C0263B-6752-4F2B-86AD-035B91CEEF18}"
EndProject
Project("{FAE04EC0-301F-11D3-BF4B-00C04F79EFBC}") = "WebAPI", "WebAPI\WebAPI.csproj", "{4A152D4D-8CE8-4202-A60E-67D8A36A4509}"
EndProject
Project("{FAE04EC0-301F-11D3-BF4B-00C04F79EFBC}") = "Frontend", "Frontend\Frontend.csproj", "{9E82B5C4-4C40-4A0B-AA9A-60F64F517C1B}"
EndProject
Global
	GlobalSection(SolutionConfigurationPlatforms) = preSolution
		Debug|Any CPU = Debug|Any CPU
		Release|Any CPU = Release|Any CPU
	EndGlobalSection
	GlobalSection(ProjectConfigurationPlatforms) = postSolution
		{9FA22A19-EDA3-4262-803F-9B5E46FB24B9}.Debug|Any CPU.ActiveCfg = Debug|Any CPU
		{9FA22A19-EDA3-4262-803F-9B5E46FB24B9}.Debug|Any CPU.Build.0 = Debug|Any CPU
		{9FA22A19-EDA3-4262-803F-9B5E46FB24B9}.Release|Any CPU.ActiveCfg = Release|Any CPU
		{9FA22A19-EDA3-4262-803F-9B5E46FB24B9}.Release|Any CPU.Build.0 = Release|Any CPU
		{0D8183FA-F1E5-40E6-A619-94F4B4FE62F8}.Debug|Any CPU.ActiveCfg = Debug|Any CPU
		{0D8183FA-F1E5-40E6-A619-94F4B4FE62F8}.Debug|Any CPU.Build.0 = Debug|Any CPU
		{0D8183FA-F1E5-40E6-A619-94F4B4FE62F8}.Release|Any CPU.ActiveCfg = Release|Any CPU
		{0D8183FA-F1E5-40E6-A619-94F4B4FE62F8}.Release|Any CPU.Build.0 = Release|Any CPU
		{C96D0647-2CAC-47A2-AB28-0D93429D88B9}.Debug|Any CPU.ActiveCfg = Debug|Any CPU
		{C96D0647-2CAC-47A2-AB28-0D93429D88B9}.Debug|Any CPU.Build.0 = Debug|Any CPU
		{C96D0647-2CAC-47A2-AB28-0D93429D88B9}.Release|Any CPU.ActiveCfg = Release|Any CPU
		{C96D0647-2CAC-47A2-AB28-0D93429D88B9}.Release|Any CPU.Build.0 = Release|Any CPU
		{57137BFC-69DD-4BA3-B70A-11484A06D708}.Debug|Any CPU.ActiveCfg = Debug|Any CPU
		{57137BFC-69DD-4BA3-B70A-11484A06D708}.Debug|Any CPU.Build.0 = Debug|Any CPU
		{57137BFC-69DD-4BA3-B70A-11484A06D708}.Release|Any CPU.ActiveCfg = Release|Any CPU
		{57137BFC-69DD-4BA3-B70A-11484A06D708}.Release|Any CPU.Build.0 = Release|Any CPU
		{91C0263B-6752-4F2B-86AD-035B91CEEF18}.Debug|Any CPU.ActiveCfg = Debug|Any CPU
		{91C0263B-6752-4F2B-86AD-035B91CEEF18}.Debug|Any CPU.Build.0 = Debug|Any CPU
		{91C0263B-6752-4F2B-86AD-035B91CEEF18}.Release|Any CPU.ActiveCfg = Release|Any CPU
		{91C0263B-6752-4F2B-86AD-035B91CEEF18}.Release|Any CPU.Build.0 = Release|Any CPU
		{4A152D4D-8CE8-4202-A60E-67D8A36A4509}.Debug|Any CPU.ActiveCfg = Debug|Any CPU
		{4A152D4D-8CE8-4202-A60E-67D8A36A4509}.Debug|Any CPU.Build.0 = Debug|Any CPU
		{4A152D4D-8CE8-4202-A60E-67D8A36A4509}.Release|Any CPU.ActiveCfg = Release|Any CPU
		{4A152D4D-8CE8-4202-A60E-67D8A36A4509}.Release|Any CPU.Build.0 = Release|Any CPU
		{9E82B5C4-4C40-4A0B-AA9A-60F64F517C1B}.Debug|Any CPU.ActiveCfg = Debug|Any CPU
		{9E82B5C4-4C40-4A0B-AA9A-60F64F517C1B}.Debug|Any CPU.Build.0 = Debug|Any CPU
		{9E82B5C4-4C40-4A0B-AA9A-60F64F517C1B}.Release|Any CPU.ActiveCfg = Release|Any CPU
		{9E82B5C4-4C40-4A0B-AA9A-60F64F517C1B}.Release|Any CPU.Build.0 = Release|Any CPU
	EndGlobalSection
	GlobalSection(SolutionProperties) = preSolution
		HideSolutionNode = FALSE
	EndGlobalSection
	GlobalSection(ExtensibilityGlobals) = postSolution
		SolutionGuid = {DE08D6C5-5164-4128-8E72-DBE6ADBA297C}
	EndGlobalSection
EndGlobal
